
Microsoft Visual Studio Solution File, Format Version 12.00
# Visual Studio 15
VisualStudioVersion = 15.0.27428.2011
MinimumVisualStudioVersion = 10.0.40219.1
Project("{FAE04EC0-301F-11D3-BF4B-00C04F79EFBC}") = "UtinyRipperFull", "UtinyRipperFull\UtinyRipperFull.csproj", "{C41BB927-6107-45F1-9BFE-6777328DD061}"
EndProject
Project("{FAE04EC0-301F-11D3-BF4B-00C04F79EFBC}") = "UtinyRipperCore", "ThirdParty\UtinyRipper\UtinyRipperCore\UtinyRipperCore.csproj", "{CA9420F4-4B54-4727-91E6-CCE20916D795}"
EndProject
Global
	GlobalSection(SolutionConfigurationPlatforms) = preSolution
		Debug|x64 = Debug|x64
		Debug|x86 = Debug|x86
		Release|x64 = Release|x64
		Release|x86 = Release|x86
	EndGlobalSection
	GlobalSection(ProjectConfigurationPlatforms) = postSolution
		{C41BB927-6107-45F1-9BFE-6777328DD061}.Debug|x64.ActiveCfg = Debug|x64
		{C41BB927-6107-45F1-9BFE-6777328DD061}.Debug|x64.Build.0 = Debug|x64
		{C41BB927-6107-45F1-9BFE-6777328DD061}.Debug|x86.ActiveCfg = Debug|x86
		{C41BB927-6107-45F1-9BFE-6777328DD061}.Debug|x86.Build.0 = Debug|x86
		{C41BB927-6107-45F1-9BFE-6777328DD061}.Release|x64.ActiveCfg = Release|x64
		{C41BB927-6107-45F1-9BFE-6777328DD061}.Release|x64.Build.0 = Release|x64
		{C41BB927-6107-45F1-9BFE-6777328DD061}.Release|x86.ActiveCfg = Release|x86
		{C41BB927-6107-45F1-9BFE-6777328DD061}.Release|x86.Build.0 = Release|x86
		{CA9420F4-4B54-4727-91E6-CCE20916D795}.Debug|x64.ActiveCfg = Debug|x64
		{CA9420F4-4B54-4727-91E6-CCE20916D795}.Debug|x64.Build.0 = Debug|x64
		{CA9420F4-4B54-4727-91E6-CCE20916D795}.Debug|x86.ActiveCfg = Debug|x86
		{CA9420F4-4B54-4727-91E6-CCE20916D795}.Debug|x86.Build.0 = Debug|x86
		{CA9420F4-4B54-4727-91E6-CCE20916D795}.Release|x64.ActiveCfg = Release|x64
		{CA9420F4-4B54-4727-91E6-CCE20916D795}.Release|x64.Build.0 = Release|x64
		{CA9420F4-4B54-4727-91E6-CCE20916D795}.Release|x86.ActiveCfg = Release|x86
		{CA9420F4-4B54-4727-91E6-CCE20916D795}.Release|x86.Build.0 = Release|x86
	EndGlobalSection
	GlobalSection(SolutionProperties) = preSolution
		HideSolutionNode = FALSE
	EndGlobalSection
	GlobalSection(ExtensibilityGlobals) = postSolution
		SolutionGuid = {7D912124-7851-430F-8B98-9A62F2CE2D69}
	EndGlobalSection
EndGlobal
